// !$*UTF8*$!
{
	archiveVersion = 1;
	classes = {
	};
	objectVersion = 46;
	objects = {

/* Begin PBXBuildFile section */
		7E7215701DCC157E00A2ADCC /* AppDelegate.swift in Sources */ = {isa = PBXBuildFile; fileRef = 7E72156F1DCC157E00A2ADCC /* AppDelegate.swift */; };
		7E7215751DCC157E00A2ADCC /* Main.storyboard in Resources */ = {isa = PBXBuildFile; fileRef = 7E7215731DCC157E00A2ADCC /* Main.storyboard */; };
		7E7215771DCC157E00A2ADCC /* Assets.xcassets in Resources */ = {isa = PBXBuildFile; fileRef = 7E7215761DCC157E00A2ADCC /* Assets.xcassets */; };
		7E72157A1DCC157E00A2ADCC /* LaunchScreen.storyboard in Resources */ = {isa = PBXBuildFile; fileRef = 7E7215781DCC157E00A2ADCC /* LaunchScreen.storyboard */; };
		7E7215851DCC157E00A2ADCC /* TumblrTests.swift in Sources */ = {isa = PBXBuildFile; fileRef = 7E7215841DCC157E00A2ADCC /* TumblrTests.swift */; };
		7E7215901DCC157E00A2ADCC /* TumblrUITests.swift in Sources */ = {isa = PBXBuildFile; fileRef = 7E72158F1DCC157E00A2ADCC /* TumblrUITests.swift */; };
		7E8325BA1DD1093D00D042DC /* TapBarViewController.swift in Sources */ = {isa = PBXBuildFile; fileRef = 7E8325B91DD1093D00D042DC /* TapBarViewController.swift */; };
		7E8325BC1DD1128500D042DC /* HomeViewController.swift in Sources */ = {isa = PBXBuildFile; fileRef = 7E8325BB1DD1128500D042DC /* HomeViewController.swift */; };
/* End PBXBuildFile section */

/* Begin PBXContainerItemProxy section */
		7E7215811DCC157E00A2ADCC /* PBXContainerItemProxy */ = {
			isa = PBXContainerItemProxy;
			containerPortal = 7E7215641DCC157D00A2ADCC /* Project object */;
			proxyType = 1;
			remoteGlobalIDString = 7E72156B1DCC157D00A2ADCC;
			remoteInfo = Tumblr;
		};
		7E72158C1DCC157E00A2ADCC /* PBXContainerItemProxy */ = {
			isa = PBXContainerItemProxy;
			containerPortal = 7E7215641DCC157D00A2ADCC /* Project object */;
			proxyType = 1;
			remoteGlobalIDString = 7E72156B1DCC157D00A2ADCC;
			remoteInfo = Tumblr;
		};
/* End PBXContainerItemProxy section */

/* Begin PBXFileReference section */
		7E72156C1DCC157E00A2ADCC /* Tumblr.app */ = {isa = PBXFileReference; explicitFileType = wrapper.application; includeInIndex = 0; path = Tumblr.app; sourceTree = BUILT_PRODUCTS_DIR; };
		7E72156F1DCC157E00A2ADCC /* AppDelegate.swift */ = {isa = PBXFileReference; lastKnownFileType = sourcecode.swift; path = AppDelegate.swift; sourceTree = "<group>"; };
		7E7215741DCC157E00A2ADCC /* Base */ = {isa = PBXFileReference; lastKnownFileType = file.storyboard; name = Base; path = Base.lproj/Main.storyboard; sourceTree = "<group>"; };
		7E7215761DCC157E00A2ADCC /* Assets.xcassets */ = {isa = PBXFileReference; lastKnownFileType = folder.assetcatalog; path = Assets.xcassets; sourceTree = "<group>"; };
		7E7215791DCC157E00A2ADCC /* Base */ = {isa = PBXFileReference; lastKnownFileType = file.storyboard; name = Base; path = Base.lproj/LaunchScreen.storyboard; sourceTree = "<group>"; };
		7E72157B1DCC157E00A2ADCC /* Info.plist */ = {isa = PBXFileReference; lastKnownFileType = text.plist.xml; path = Info.plist; sourceTree = "<group>"; };
		7E7215801DCC157E00A2ADCC /* TumblrTests.xctest */ = {isa = PBXFileReference; explicitFileType = wrapper.cfbundle; includeInIndex = 0; path = TumblrTests.xctest; sourceTree = BUILT_PRODUCTS_DIR; };
		7E7215841DCC157E00A2ADCC /* TumblrTests.swift */ = {isa = PBXFileReference; lastKnownFileType = sourcecode.swift; path = TumblrTests.swift; sourceTree = "<group>"; };
		7E7215861DCC157E00A2ADCC /* Info.plist */ = {isa = PBXFileReference; lastKnownFileType = text.plist.xml; path = Info.plist; sourceTree = "<group>"; };
		7E72158B1DCC157E00A2ADCC /* TumblrUITests.xctest */ = {isa = PBXFileReference; explicitFileType = wrapper.cfbundle; includeInIndex = 0; path = TumblrUITests.xctest; sourceTree = BUILT_PRODUCTS_DIR; };
		7E72158F1DCC157E00A2ADCC /* TumblrUITests.swift */ = {isa = PBXFileReference; lastKnownFileType = sourcecode.swift; path = TumblrUITests.swift; sourceTree = "<group>"; };
		7E7215911DCC157E00A2ADCC /* Info.plist */ = {isa = PBXFileReference; lastKnownFileType = text.plist.xml; path = Info.plist; sourceTree = "<group>"; };
		7E8325B91DD1093D00D042DC /* TapBarViewController.swift */ = {isa = PBXFileReference; fileEncoding = 4; lastKnownFileType = sourcecode.swift; path = TapBarViewController.swift; sourceTree = "<group>"; };
		7E8325BB1DD1128500D042DC /* HomeViewController.swift */ = {isa = PBXFileReference; fileEncoding = 4; lastKnownFileType = sourcecode.swift; path = HomeViewController.swift; sourceTree = "<group>"; };
/* End PBXFileReference section */

/* Begin PBXFrameworksBuildPhase section */
		7E7215691DCC157D00A2ADCC /* Frameworks */ = {
			isa = PBXFrameworksBuildPhase;
			buildActionMask = 2147483647;
			files = (
			);
			runOnlyForDeploymentPostprocessing = 0;
		};
		7E72157D1DCC157E00A2ADCC /* Frameworks */ = {
			isa = PBXFrameworksBuildPhase;
			buildActionMask = 2147483647;
			files = (
			);
			runOnlyForDeploymentPostprocessing = 0;
		};
		7E7215881DCC157E00A2ADCC /* Frameworks */ = {
			isa = PBXFrameworksBuildPhase;
			buildActionMask = 2147483647;
			files = (
			);
			runOnlyForDeploymentPostprocessing = 0;
		};
/* End PBXFrameworksBuildPhase section */

/* Begin PBXGroup section */
		7E7215631DCC157D00A2ADCC = {
			isa = PBXGroup;
			children = (
				7E72156E1DCC157E00A2ADCC /* Tumblr */,
				7E7215831DCC157E00A2ADCC /* TumblrTests */,
				7E72158E1DCC157E00A2ADCC /* TumblrUITests */,
				7E72156D1DCC157E00A2ADCC /* Products */,
			);
			sourceTree = "<group>";
		};
		7E72156D1DCC157E00A2ADCC /* Products */ = {
			isa = PBXGroup;
			children = (
				7E72156C1DCC157E00A2ADCC /* Tumblr.app */,
				7E7215801DCC157E00A2ADCC /* TumblrTests.xctest */,
				7E72158B1DCC157E00A2ADCC /* TumblrUITests.xctest */,
			);
			name = Products;
			sourceTree = "<group>";
		};
		7E72156E1DCC157E00A2ADCC /* Tumblr */ = {
			isa = PBXGroup;
			children = (
				7E8325B81DD104BD00D042DC /* ViewControllers */,
				7E72156F1DCC157E00A2ADCC /* AppDelegate.swift */,
				7E7215731DCC157E00A2ADCC /* Main.storyboard */,
				7E7215761DCC157E00A2ADCC /* Assets.xcassets */,
				7E7215781DCC157E00A2ADCC /* LaunchScreen.storyboard */,
				7E72157B1DCC157E00A2ADCC /* Info.plist */,
			);
			path = Tumblr;
			sourceTree = "<group>";
		};
		7E7215831DCC157E00A2ADCC /* TumblrTests */ = {
			isa = PBXGroup;
			children = (
				7E7215841DCC157E00A2ADCC /* TumblrTests.swift */,
				7E7215861DCC157E00A2ADCC /* Info.plist */,
			);
			path = TumblrTests;
			sourceTree = "<group>";
		};
		7E72158E1DCC157E00A2ADCC /* TumblrUITests */ = {
			isa = PBXGroup;
			children = (
				7E72158F1DCC157E00A2ADCC /* TumblrUITests.swift */,
				7E7215911DCC157E00A2ADCC /* Info.plist */,
			);
			path = TumblrUITests;
			sourceTree = "<group>";
		};
		7E8325B81DD104BD00D042DC /* ViewControllers */ = {
			isa = PBXGroup;
			children = (
				7E8325B91DD1093D00D042DC /* TapBarViewController.swift */,
				7E8325BB1DD1128500D042DC /* HomeViewController.swift */,
			);
			name = ViewControllers;
			sourceTree = "<group>";
		};
/* End PBXGroup section */

/* Begin PBXNativeTarget section */
		7E72156B1DCC157D00A2ADCC /* Tumblr */ = {
			isa = PBXNativeTarget;
			buildConfigurationList = 7E7215941DCC157E00A2ADCC /* Build configuration list for PBXNativeTarget "Tumblr" */;
			buildPhases = (
				7E7215681DCC157D00A2ADCC /* Sources */,
				7E7215691DCC157D00A2ADCC /* Frameworks */,
				7E72156A1DCC157D00A2ADCC /* Resources */,
			);
			buildRules = (
			);
			dependencies = (
			);
			name = Tumblr;
			productName = Tumblr;
			productReference = 7E72156C1DCC157E00A2ADCC /* Tumblr.app */;
			productType = "com.apple.product-type.application";
		};
		7E72157F1DCC157E00A2ADCC /* TumblrTests */ = {
			isa = PBXNativeTarget;
			buildConfigurationList = 7E7215971DCC157E00A2ADCC /* Build configuration list for PBXNativeTarget "TumblrTests" */;
			buildPhases = (
				7E72157C1DCC157E00A2ADCC /* Sources */,
				7E72157D1DCC157E00A2ADCC /* Frameworks */,
				7E72157E1DCC157E00A2ADCC /* Resources */,
			);
			buildRules = (
			);
			dependencies = (
				7E7215821DCC157E00A2ADCC /* PBXTargetDependency */,
			);
			name = TumblrTests;
			productName = TumblrTests;
			productReference = 7E7215801DCC157E00A2ADCC /* TumblrTests.xctest */;
			productType = "com.apple.product-type.bundle.unit-test";
		};
		7E72158A1DCC157E00A2ADCC /* TumblrUITests */ = {
			isa = PBXNativeTarget;
			buildConfigurationList = 7E72159A1DCC157E00A2ADCC /* Build configuration list for PBXNativeTarget "TumblrUITests" */;
			buildPhases = (
				7E7215871DCC157E00A2ADCC /* Sources */,
				7E7215881DCC157E00A2ADCC /* Frameworks */,
				7E7215891DCC157E00A2ADCC /* Resources */,
			);
			buildRules = (
			);
			dependencies = (
				7E72158D1DCC157E00A2ADCC /* PBXTargetDependency */,
			);
			name = TumblrUITests;
			productName = TumblrUITests;
			productReference = 7E72158B1DCC157E00A2ADCC /* TumblrUITests.xctest */;
			productType = "com.apple.product-type.bundle.ui-testing";
		};
/* End PBXNativeTarget section */

/* Begin PBXProject section */
		7E7215641DCC157D00A2ADCC /* Project object */ = {
			isa = PBXProject;
			attributes = {
				LastSwiftUpdateCheck = 0800;
				LastUpgradeCheck = 0800;
				ORGANIZATIONNAME = "Sophia KC";
				TargetAttributes = {
					7E72156B1DCC157D00A2ADCC = {
						CreatedOnToolsVersion = 8.0;
						ProvisioningStyle = Automatic;
					};
					7E72157F1DCC157E00A2ADCC = {
						CreatedOnToolsVersion = 8.0;
						ProvisioningStyle = Automatic;
						TestTargetID = 7E72156B1DCC157D00A2ADCC;
					};
					7E72158A1DCC157E00A2ADCC = {
						CreatedOnToolsVersion = 8.0;
						ProvisioningStyle = Automatic;
						TestTargetID = 7E72156B1DCC157D00A2ADCC;
					};
				};
			};
			buildConfigurationList = 7E7215671DCC157D00A2ADCC /* Build configuration list for PBXProject "Tumblr" */;
			compatibilityVersion = "Xcode 3.2";
			developmentRegion = English;
			hasScannedForEncodings = 0;
			knownRegions = (
				en,
				Base,
			);
			mainGroup = 7E7215631DCC157D00A2ADCC;
			productRefGroup = 7E72156D1DCC157E00A2ADCC /* Products */;
			projectDirPath = "";
			projectRoot = "";
			targets = (
				7E72156B1DCC157D00A2ADCC /* Tumblr */,
				7E72157F1DCC157E00A2ADCC /* TumblrTests */,
				7E72158A1DCC157E00A2ADCC /* TumblrUITests */,
			);
		};
/* End PBXProject section */

/* Begin PBXResourcesBuildPhase section */
		7E72156A1DCC157D00A2ADCC /* Resources */ = {
			isa = PBXResourcesBuildPhase;
			buildActionMask = 2147483647;
			files = (
				7E72157A1DCC157E00A2ADCC /* LaunchScreen.storyboard in Resources */,
				7E7215771DCC157E00A2ADCC /* Assets.xcassets in Resources */,
				7E7215751DCC157E00A2ADCC /* Main.storyboard in Resources */,
			);
			runOnlyForDeploymentPostprocessing = 0;
		};
		7E72157E1DCC157E00A2ADCC /* Resources */ = {
			isa = PBXResourcesBuildPhase;
			buildActionMask = 2147483647;
			files = (
			);
			runOnlyForDeploymentPostprocessing = 0;
		};
		7E7215891DCC157E00A2ADCC /* Resources */ = {
			isa = PBXResourcesBuildPhase;
			buildActionMask = 2147483647;
			files = (
			);
			runOnlyForDeploymentPostprocessing = 0;
		};
/* End PBXResourcesBuildPhase section */

/* Begin PBXSourcesBuildPhase section */
		7E7215681DCC157D00A2ADCC /* Sources */ = {
			isa = PBXSourcesBuildPhase;
			buildActionMask = 2147483647;
			files = (
				7E8325BA1DD1093D00D042DC /* TapBarViewController.swift in Sources */,
				7E7215701DCC157E00A2ADCC /* AppDelegate.swift in Sources */,
				7E8325BC1DD1128500D042DC /* HomeViewController.swift in Sources */,
			);
			runOnlyForDeploymentPostprocessing = 0;
		};
		7E72157C1DCC157E00A2ADCC /* Sources */ = {
			isa = PBXSourcesBuildPhase;
			buildActionMask = 2147483647;
			files = (
				7E7215851DCC157E00A2ADCC /* TumblrTests.swift in Sources */,
			);
			runOnlyForDeploymentPostprocessing = 0;
		};
		7E7215871DCC157E00A2ADCC /* Sources */ = {
			isa = PBXSourcesBuildPhase;
			buildActionMask = 2147483647;
			files = (
				7E7215901DCC157E00A2ADCC /* TumblrUITests.swift in Sources */,
			);
			runOnlyForDeploymentPostprocessing = 0;
		};
/* End PBXSourcesBuildPhase section */

/* Begin PBXTargetDependency section */
		7E7215821DCC157E00A2ADCC /* PBXTargetDependency */ = {
			isa = PBXTargetDependency;
			target = 7E72156B1DCC157D00A2ADCC /* Tumblr */;
			targetProxy = 7E7215811DCC157E00A2ADCC /* PBXContainerItemProxy */;
		};
		7E72158D1DCC157E00A2ADCC /* PBXTargetDependency */ = {
			isa = PBXTargetDependency;
			target = 7E72156B1DCC157D00A2ADCC /* Tumblr */;
			targetProxy = 7E72158C1DCC157E00A2ADCC /* PBXContainerItemProxy */;
		};
/* End PBXTargetDependency section */

/* Begin PBXVariantGroup section */
		7E7215731DCC157E00A2ADCC /* Main.storyboard */ = {
			isa = PBXVariantGroup;
			children = (
				7E7215741DCC157E00A2ADCC /* Base */,
			);
			name = Main.storyboard;
			sourceTree = "<group>";
		};
		7E7215781DCC157E00A2ADCC /* LaunchScreen.storyboard */ = {
			isa = PBXVariantGroup;
			children = (
				7E7215791DCC157E00A2ADCC /* Base */,
			);
			name = LaunchScreen.storyboard;
			sourceTree = "<group>";
		};
/* End PBXVariantGroup section */

/* Begin XCBuildConfiguration section */
		7E7215921DCC157E00A2ADCC /* Debug */ = {
			isa = XCBuildConfiguration;
			buildSettings = {
				ALWAYS_SEARCH_USER_PATHS = NO;
				CLANG_ANALYZER_NONNULL = YES;
				CLANG_CXX_LANGUAGE_STANDARD = "gnu++0x";
				CLANG_CXX_LIBRARY = "libc++";
				CLANG_ENABLE_MODULES = YES;
				CLANG_ENABLE_OBJC_ARC = YES;
				CLANG_WARN_BOOL_CONVERSION = YES;
				CLANG_WARN_CONSTANT_CONVERSION = YES;
				CLANG_WARN_DIRECT_OBJC_ISA_USAGE = YES_ERROR;
				CLANG_WARN_DOCUMENTATION_COMMENTS = YES;
				CLANG_WARN_EMPTY_BODY = YES;
				CLANG_WARN_ENUM_CONVERSION = YES;
				CLANG_WARN_INFINITE_RECURSION = YES;
				CLANG_WARN_INT_CONVERSION = YES;
				CLANG_WARN_OBJC_ROOT_CLASS = YES_ERROR;
				CLANG_WARN_SUSPICIOUS_MOVES = YES;
				CLANG_WARN_UNREACHABLE_CODE = YES;
				CLANG_WARN__DUPLICATE_METHOD_MATCH = YES;
				"CODE_SIGN_IDENTITY[sdk=iphoneos*]" = "iPhone Developer";
				COPY_PHASE_STRIP = NO;
				DEBUG_INFORMATION_FORMAT = dwarf;
				ENABLE_STRICT_OBJC_MSGSEND = YES;
				ENABLE_TESTABILITY = YES;
				GCC_C_LANGUAGE_STANDARD = gnu99;
				GCC_DYNAMIC_NO_PIC = NO;
				GCC_NO_COMMON_BLOCKS = YES;
				GCC_OPTIMIZATION_LEVEL = 0;
				GCC_PREPROCESSOR_DEFINITIONS = (
					"DEBUG=1",
					"$(inherited)",
				);
				GCC_WARN_64_TO_32_BIT_CONVERSION = YES;
				GCC_WARN_ABOUT_RETURN_TYPE = YES_ERROR;
				GCC_WARN_UNDECLARED_SELECTOR = YES;
				GCC_WARN_UNINITIALIZED_AUTOS = YES_AGGRESSIVE;
				GCC_WARN_UNUSED_FUNCTION = YES;
				GCC_WARN_UNUSED_VARIABLE = YES;
				IPHONEOS_DEPLOYMENT_TARGET = 10.0;
				MTL_ENABLE_DEBUG_INFO = YES;
				ONLY_ACTIVE_ARCH = YES;
				SDKROOT = iphoneos;
				SWIFT_ACTIVE_COMPILATION_CONDITIONS = DEBUG;
				SWIFT_OPTIMIZATION_LEVEL = "-Onone";
			};
			name = Debug;
		};
		7E7215931DCC157E00A2ADCC /* Release */ = {
			isa = XCBuildConfiguration;
			buildSettings = {
				ALWAYS_SEARCH_USER_PATHS = NO;
				CLANG_ANALYZER_NONNULL = YES;
				CLANG_CXX_LANGUAGE_STANDARD = "gnu++0x";
				CLANG_CXX_LIBRARY = "libc++";
				CLANG_ENABLE_MODULES = YES;
				CLANG_ENABLE_OBJC_ARC = YES;
				CLANG_WARN_BOOL_CONVERSION = YES;
				CLANG_WARN_CONSTANT_CONVERSION = YES;
				CLANG_WARN_DIRECT_OBJC_ISA_USAGE = YES_ERROR;
				CLANG_WARN_DOCUMENTATION_COMMENTS = YES;
				CLANG_WARN_EMPTY_BODY = YES;
				CLANG_WARN_ENUM_CONVERSION = YES;
				CLANG_WARN_INFINITE_RECURSION = YES;
				CLANG_WARN_INT_CONVERSION = YES;
				CLANG_WARN_OBJC_ROOT_CLASS = YES_ERROR;
				CLANG_WARN_SUSPICIOUS_MOVES = YES;
				CLANG_WARN_UNREACHABLE_CODE = YES;
				CLANG_WARN__DUPLICATE_METHOD_MATCH = YES;
				"CODE_SIGN_IDENTITY[sdk=iphoneos*]" = "iPhone Developer";
				COPY_PHASE_STRIP = NO;
				DEBUG_INFORMATION_FORMAT = "dwarf-with-dsym";
				ENABLE_NS_ASSERTIONS = NO;
				ENABLE_STRICT_OBJC_MSGSEND = YES;
				GCC_C_LANGUAGE_STANDARD = gnu99;
				GCC_NO_COMMON_BLOCKS = YES;
				GCC_WARN_64_TO_32_BIT_CONVERSION = YES;
				GCC_WARN_ABOUT_RETURN_TYPE = YES_ERROR;
				GCC_WARN_UNDECLARED_SELECTOR = YES;
				GCC_WARN_UNINITIALIZED_AUTOS = YES_AGGRESSIVE;
				GCC_WARN_UNUSED_FUNCTION = YES;
				GCC_WARN_UNUSED_VARIABLE = YES;
				IPHONEOS_DEPLOYMENT_TARGET = 10.0;
				MTL_ENABLE_DEBUG_INFO = NO;
				SDKROOT = iphoneos;
				SWIFT_OPTIMIZATION_LEVEL = "-Owholemodule";
				VALIDATE_PRODUCT = YES;
			};
			name = Release;
		};
		7E7215951DCC157E00A2ADCC /* Debug */ = {
			isa = XCBuildConfiguration;
			buildSettings = {
				ASSETCATALOG_COMPILER_APPICON_NAME = AppIcon;
				INFOPLIST_FILE = Tumblr/Info.plist;
				LD_RUNPATH_SEARCH_PATHS = "$(inherited) @executable_path/Frameworks";
				PRODUCT_BUNDLE_IDENTIFIER = com.sophiakc.Tumblr;
				PRODUCT_NAME = "$(TARGET_NAME)";
				SWIFT_VERSION = 3.0;
			};
			name = Debug;
		};
		7E7215961DCC157E00A2ADCC /* Release */ = {
			isa = XCBuildConfiguration;
			buildSettings = {
				ASSETCATALOG_COMPILER_APPICON_NAME = AppIcon;
				INFOPLIST_FILE = Tumblr/Info.plist;
				LD_RUNPATH_SEARCH_PATHS = "$(inherited) @executable_path/Frameworks";
				PRODUCT_BUNDLE_IDENTIFIER = com.sophiakc.Tumblr;
				PRODUCT_NAME = "$(TARGET_NAME)";
				SWIFT_VERSION = 3.0;
			};
			name = Release;
		};
		7E7215981DCC157E00A2ADCC /* Debug */ = {
			isa = XCBuildConfiguration;
			buildSettings = {
				ALWAYS_EMBED_SWIFT_STANDARD_LIBRARIES = YES;
				BUNDLE_LOADER = "$(TEST_HOST)";
				INFOPLIST_FILE = TumblrTests/Info.plist;
				LD_RUNPATH_SEARCH_PATHS = "$(inherited) @executable_path/Frameworks @loader_path/Frameworks";
				PRODUCT_BUNDLE_IDENTIFIER = com.sophiakc.TumblrTests;
				PRODUCT_NAME = "$(TARGET_NAME)";
				SWIFT_VERSION = 3.0;
				TEST_HOST = "$(BUILT_PRODUCTS_DIR)/Tumblr.app/Tumblr";
			};
			name = Debug;
		};
		7E7215991DCC157E00A2ADCC /* Release */ = {
			isa = XCBuildConfiguration;
			buildSettings = {
				ALWAYS_EMBED_SWIFT_STANDARD_LIBRARIES = YES;
				BUNDLE_LOADER = "$(TEST_HOST)";
				INFOPLIST_FILE = TumblrTests/Info.plist;
				LD_RUNPATH_SEARCH_PATHS = "$(inherited) @executable_path/Frameworks @loader_path/Frameworks";
				PRODUCT_BUNDLE_IDENTIFIER = com.sophiakc.TumblrTests;
				PRODUCT_NAME = "$(TARGET_NAME)";
				SWIFT_VERSION = 3.0;
				TEST_HOST = "$(BUILT_PRODUCTS_DIR)/Tumblr.app/Tumblr";
			};
			name = Release;
		};
		7E72159B1DCC157E00A2ADCC /* Debug */ = {
			isa = XCBuildConfiguration;
			buildSettings = {
				ALWAYS_EMBED_SWIFT_STANDARD_LIBRARIES = YES;
				INFOPLIST_FILE = TumblrUITests/Info.plist;
				LD_RUNPATH_SEARCH_PATHS = "$(inherited) @executable_path/Frameworks @loader_path/Frameworks";
				PRODUCT_BUNDLE_IDENTIFIER = com.sophiakc.TumblrUITests;
				PRODUCT_NAME = "$(TARGET_NAME)";
				SWIFT_VERSION = 3.0;
				TEST_TARGET_NAME = Tumblr;
			};
			name = Debug;
		};
		7E72159C1DCC157E00A2ADCC /* Release */ = {
			isa = XCBuildConfiguration;
			buildSettings = {
				ALWAYS_EMBED_SWIFT_STANDARD_LIBRARIES = YES;
				INFOPLIST_FILE = TumblrUITests/Info.plist;
				LD_RUNPATH_SEARCH_PATHS = "$(inherited) @executable_path/Frameworks @loader_path/Frameworks";
				PRODUCT_BUNDLE_IDENTIFIER = com.sophiakc.TumblrUITests;
				PRODUCT_NAME = "$(TARGET_NAME)";
				SWIFT_VERSION = 3.0;
				TEST_TARGET_NAME = Tumblr;
			};
			name = Release;
		};
/* End XCBuildConfiguration section */

/* Begin XCConfigurationList section */
		7E7215671DCC157D00A2ADCC /* Build configuration list for PBXProject "Tumblr" */ = {
			isa = XCConfigurationList;
			buildConfigurations = (
				7E7215921DCC157E00A2ADCC /* Debug */,
				7E7215931DCC157E00A2ADCC /* Release */,
			);
			defaultConfigurationIsVisible = 0;
			defaultConfigurationName = Release;
		};
		7E7215941DCC157E00A2ADCC /* Build configuration list for PBXNativeTarget "Tumblr" */ = {
			isa = XCConfigurationList;
			buildConfigurations = (
				7E7215951DCC157E00A2ADCC /* Debug */,
				7E7215961DCC157E00A2ADCC /* Release */,
			);
			defaultConfigurationIsVisible = 0;
			defaultConfigurationName = Release;
		};
		7E7215971DCC157E00A2ADCC /* Build configuration list for PBXNativeTarget "TumblrTests" */ = {
			isa = XCConfigurationList;
			buildConfigurations = (
				7E7215981DCC157E00A2ADCC /* Debug */,
				7E7215991DCC157E00A2ADCC /* Release */,
			);
			defaultConfigurationIsVisible = 0;
			defaultConfigurationName = Release;
		};
		7E72159A1DCC157E00A2ADCC /* Build configuration list for PBXNativeTarget "TumblrUITests" */ = {
			isa = XCConfigurationList;
			buildConfigurations = (
				7E72159B1DCC157E00A2ADCC /* Debug */,
				7E72159C1DCC157E00A2ADCC /* Release */,
			);
			defaultConfigurationIsVisible = 0;
			defaultConfigurationName = Release;
		};
/* End XCConfigurationList section */
	};
	rootObject = 7E7215641DCC157D00A2ADCC /* Project object */;
}
